
Microsoft Visual Studio Solution File, Format Version 12.00
Project("{FAE04EC0-301F-11D3-BF4B-00C04F79EFBC}") = "PirateJargonEvolution", "PirateJargonEvolution.csproj", "{B04348B8-DADC-42EE-9409-6AFF18C697B0}"
EndProject
Global
	GlobalSection(SolutionConfigurationPlatforms) = preSolution
		Debug|Any CPU = Debug|Any CPU
		Release|Any CPU = Release|Any CPU
	EndGlobalSection
	GlobalSection(ProjectConfigurationPlatforms) = postSolution
		{B04348B8-DADC-42EE-9409-6AFF18C697B0}.Debug|Any CPU.ActiveCfg = Debug|Any CPU
		{B04348B8-DADC-42EE-9409-6AFF18C697B0}.Debug|Any CPU.Build.0 = Debug|Any CPU
		{B04348B8-DADC-42EE-9409-6AFF18C697B0}.Release|Any CPU.ActiveCfg = Release|Any CPU
		{B04348B8-DADC-42EE-9409-6AFF18C697B0}.Release|Any CPU.Build.0 = Release|Any CPU
	EndGlobalSection
EndGlobal
